
Microsoft Visual Studio Solution File, Format Version 12.00
# Visual Studio 2012
Project("{FAE04EC0-301F-11D3-BF4B-00C04F79EFBC}") = "WebSiteMjr", "WebSiteMjr\WebSiteMjr.csproj", "{3A08A35F-BDEA-4142-81B7-3BDFDAC8AE23}"
EndProject
Project("{FAE04EC0-301F-11D3-BF4B-00C04F79EFBC}") = "WebSiteMjr.Tests", "WebSiteMjr.Tests\WebSiteMjr.Tests.csproj", "{D6D27CDA-62F2-44C2-9D11-390F97458B26}"
EndProject
Project("{FAE04EC0-301F-11D3-BF4B-00C04F79EFBC}") = "WebSiteMjr.EfData", "WebSiteMjr.EfData\WebSiteMjr.EfData.csproj", "{1D5058F1-5CA9-4978-AC8C-A508C430E7B0}"
EndProject
Project("{2150E333-8FDC-42A3-9474-1A3956D46DE8}") = "Data", "Data", "{60469222-1592-45F3-B958-B2EEA2A65565}"
EndProject
Project("{2150E333-8FDC-42A3-9474-1A3956D46DE8}") = "Domain", "Domain", "{8C0EA9A1-93B9-486D-9AB3-F014FE7D4C7A}"
EndProject
Project("{2150E333-8FDC-42A3-9474-1A3956D46DE8}") = "Infrastructure", "Infrastructure", "{F80CE801-42A2-44B7-99F9-8B08D037D46F}"
EndProject
Project("{FAE04EC0-301F-11D3-BF4B-00C04F79EFBC}") = "WebSiteMjr.Domain", "WebSiteMjr.Domain\WebSiteMjr.Domain.csproj", "{1219ECD0-3C8E-435F-88E1-01DE06D01E74}"
EndProject
Project("{FAE04EC0-301F-11D3-BF4B-00C04F79EFBC}") = "FlexProviders", "FlexProviders\FlexProviders.csproj", "{9C987907-BD64-4100-89D4-F4BCFB77768B}"
EndProject
Project("{2150E333-8FDC-42A3-9474-1A3956D46DE8}") = "Membership", "Membership", "{1624ABD8-9286-4FC5-9F2F-E2A9EC8920C2}"
EndProject
Project("{FAE04EC0-301F-11D3-BF4B-00C04F79EFBC}") = "WebSiteMjr.Domain.Test", "WebSiteMjr.Domain.Test\WebSiteMjr.Domain.Test.csproj", "{52063992-045B-4FD3-A291-410D587C6BDB}"
EndProject
Project("{2150E333-8FDC-42A3-9474-1A3956D46DE8}") = "Test", "Test", "{5334EDA1-5910-4A62-A519-8BC77E771432}"
EndProject
Global
	GlobalSection(SolutionConfigurationPlatforms) = preSolution
		Debug|Any CPU = Debug|Any CPU
		Release|Any CPU = Release|Any CPU
	EndGlobalSection
	GlobalSection(ProjectConfigurationPlatforms) = postSolution
		{3A08A35F-BDEA-4142-81B7-3BDFDAC8AE23}.Debug|Any CPU.ActiveCfg = Debug|Any CPU
		{3A08A35F-BDEA-4142-81B7-3BDFDAC8AE23}.Debug|Any CPU.Build.0 = Debug|Any CPU
		{3A08A35F-BDEA-4142-81B7-3BDFDAC8AE23}.Release|Any CPU.ActiveCfg = Release|Any CPU
		{3A08A35F-BDEA-4142-81B7-3BDFDAC8AE23}.Release|Any CPU.Build.0 = Release|Any CPU
		{D6D27CDA-62F2-44C2-9D11-390F97458B26}.Debug|Any CPU.ActiveCfg = Debug|Any CPU
		{D6D27CDA-62F2-44C2-9D11-390F97458B26}.Debug|Any CPU.Build.0 = Debug|Any CPU
		{D6D27CDA-62F2-44C2-9D11-390F97458B26}.Release|Any CPU.ActiveCfg = Release|Any CPU
		{D6D27CDA-62F2-44C2-9D11-390F97458B26}.Release|Any CPU.Build.0 = Release|Any CPU
		{1D5058F1-5CA9-4978-AC8C-A508C430E7B0}.Debug|Any CPU.ActiveCfg = Debug|Any CPU
		{1D5058F1-5CA9-4978-AC8C-A508C430E7B0}.Debug|Any CPU.Build.0 = Debug|Any CPU
		{1D5058F1-5CA9-4978-AC8C-A508C430E7B0}.Release|Any CPU.ActiveCfg = Release|Any CPU
		{1D5058F1-5CA9-4978-AC8C-A508C430E7B0}.Release|Any CPU.Build.0 = Release|Any CPU
		{1219ECD0-3C8E-435F-88E1-01DE06D01E74}.Debug|Any CPU.ActiveCfg = Debug|Any CPU
		{1219ECD0-3C8E-435F-88E1-01DE06D01E74}.Debug|Any CPU.Build.0 = Debug|Any CPU
		{1219ECD0-3C8E-435F-88E1-01DE06D01E74}.Release|Any CPU.ActiveCfg = Release|Any CPU
		{1219ECD0-3C8E-435F-88E1-01DE06D01E74}.Release|Any CPU.Build.0 = Release|Any CPU
		{9C987907-BD64-4100-89D4-F4BCFB77768B}.Debug|Any CPU.ActiveCfg = Debug|Any CPU
		{9C987907-BD64-4100-89D4-F4BCFB77768B}.Debug|Any CPU.Build.0 = Debug|Any CPU
		{9C987907-BD64-4100-89D4-F4BCFB77768B}.Release|Any CPU.ActiveCfg = Release|Any CPU
		{9C987907-BD64-4100-89D4-F4BCFB77768B}.Release|Any CPU.Build.0 = Release|Any CPU
		{52063992-045B-4FD3-A291-410D587C6BDB}.Debug|Any CPU.ActiveCfg = Debug|Any CPU
		{52063992-045B-4FD3-A291-410D587C6BDB}.Debug|Any CPU.Build.0 = Debug|Any CPU
		{52063992-045B-4FD3-A291-410D587C6BDB}.Release|Any CPU.ActiveCfg = Release|Any CPU
		{52063992-045B-4FD3-A291-410D587C6BDB}.Release|Any CPU.Build.0 = Release|Any CPU
	EndGlobalSection
	GlobalSection(SolutionProperties) = preSolution
		HideSolutionNode = FALSE
	EndGlobalSection
	GlobalSection(NestedProjects) = preSolution
		{1D5058F1-5CA9-4978-AC8C-A508C430E7B0} = {60469222-1592-45F3-B958-B2EEA2A65565}
		{1219ECD0-3C8E-435F-88E1-01DE06D01E74} = {8C0EA9A1-93B9-486D-9AB3-F014FE7D4C7A}
		{5334EDA1-5910-4A62-A519-8BC77E771432} = {8C0EA9A1-93B9-486D-9AB3-F014FE7D4C7A}
		{1624ABD8-9286-4FC5-9F2F-E2A9EC8920C2} = {F80CE801-42A2-44B7-99F9-8B08D037D46F}
		{9C987907-BD64-4100-89D4-F4BCFB77768B} = {1624ABD8-9286-4FC5-9F2F-E2A9EC8920C2}
		{52063992-045B-4FD3-A291-410D587C6BDB} = {5334EDA1-5910-4A62-A519-8BC77E771432}
	EndGlobalSection
EndGlobal
