
Microsoft Visual Studio Solution File, Format Version 12.00
# Visual Studio 2012
Project("{FAE04EC0-301F-11D3-BF4B-00C04F79EFBC}") = "WebSiteMjr", "WebSiteMjr\WebSiteMjr.csproj", "{3A08A35F-BDEA-4142-81B7-3BDFDAC8AE23}"
EndProject
Project("{FAE04EC0-301F-11D3-BF4B-00C04F79EFBC}") = "WebSiteMjr.Tests", "WebSiteMjr.Tests\WebSiteMjr.Tests.csproj", "{D6D27CDA-62F2-44C2-9D11-390F97458B26}"
EndProject
Project("{FAE04EC0-301F-11D3-BF4B-00C04F79EFBC}") = "WebSiteMjr.Domain", "WebSiteMjr.Domain\WebSiteMjr.Domain.csproj", "{2FF17DE1-A85E-45A8-B047-FB13B14A2BE2}"
EndProject
Project("{FAE04EC0-301F-11D3-BF4B-00C04F79EFBC}") = "WebSiteMjr.EfData", "WebSiteMjr.EfData\WebSiteMjr.EfData.csproj", "{2A28B3C5-7D2B-457C-A92F-4BC87C351883}"
EndProject
Global
	GlobalSection(SolutionConfigurationPlatforms) = preSolution
		Debug|Any CPU = Debug|Any CPU
		Release|Any CPU = Release|Any CPU
	EndGlobalSection
	GlobalSection(ProjectConfigurationPlatforms) = postSolution
		{3A08A35F-BDEA-4142-81B7-3BDFDAC8AE23}.Debug|Any CPU.ActiveCfg = Debug|Any CPU
		{3A08A35F-BDEA-4142-81B7-3BDFDAC8AE23}.Debug|Any CPU.Build.0 = Debug|Any CPU
		{3A08A35F-BDEA-4142-81B7-3BDFDAC8AE23}.Release|Any CPU.ActiveCfg = Release|Any CPU
		{3A08A35F-BDEA-4142-81B7-3BDFDAC8AE23}.Release|Any CPU.Build.0 = Release|Any CPU
		{D6D27CDA-62F2-44C2-9D11-390F97458B26}.Debug|Any CPU.ActiveCfg = Debug|Any CPU
		{D6D27CDA-62F2-44C2-9D11-390F97458B26}.Debug|Any CPU.Build.0 = Debug|Any CPU
		{D6D27CDA-62F2-44C2-9D11-390F97458B26}.Release|Any CPU.ActiveCfg = Release|Any CPU
		{D6D27CDA-62F2-44C2-9D11-390F97458B26}.Release|Any CPU.Build.0 = Release|Any CPU
		{2FF17DE1-A85E-45A8-B047-FB13B14A2BE2}.Debug|Any CPU.ActiveCfg = Debug|Any CPU
		{2FF17DE1-A85E-45A8-B047-FB13B14A2BE2}.Debug|Any CPU.Build.0 = Debug|Any CPU
		{2FF17DE1-A85E-45A8-B047-FB13B14A2BE2}.Release|Any CPU.ActiveCfg = Release|Any CPU
		{2FF17DE1-A85E-45A8-B047-FB13B14A2BE2}.Release|Any CPU.Build.0 = Release|Any CPU
		{2A28B3C5-7D2B-457C-A92F-4BC87C351883}.Debug|Any CPU.ActiveCfg = Debug|Any CPU
		{2A28B3C5-7D2B-457C-A92F-4BC87C351883}.Debug|Any CPU.Build.0 = Debug|Any CPU
		{2A28B3C5-7D2B-457C-A92F-4BC87C351883}.Release|Any CPU.ActiveCfg = Release|Any CPU
		{2A28B3C5-7D2B-457C-A92F-4BC87C351883}.Release|Any CPU.Build.0 = Release|Any CPU
	EndGlobalSection
	GlobalSection(SolutionProperties) = preSolution
		HideSolutionNode = FALSE
	EndGlobalSection
EndGlobal
