
Microsoft Visual Studio Solution File, Format Version 12.00
# Visual Studio 14
VisualStudioVersion = 14.0.22823.1
MinimumVisualStudioVersion = 10.0.40219.1
Project("{FAE04EC0-301F-11D3-BF4B-00C04F79EFBC}") = "WebSiteMjr", "WebSiteMjr\WebSiteMjr.csproj", "{3A08A35F-BDEA-4142-81B7-3BDFDAC8AE23}"
EndProject
Project("{FAE04EC0-301F-11D3-BF4B-00C04F79EFBC}") = "WebSiteMjr.Tests", "WebSiteMjr.Tests\WebSiteMjr.Tests.csproj", "{D6D27CDA-62F2-44C2-9D11-390F97458B26}"
EndProject
Project("{FAE04EC0-301F-11D3-BF4B-00C04F79EFBC}") = "WebSiteMjr.EfPersonData", "WebSiteMjr.EfData\WebSiteMjr.EfPersonData.csproj", "{1D5058F1-5CA9-4978-AC8C-A508C430E7B0}"
EndProject
Project("{2150E333-8FDC-42A3-9474-1A3956D46DE8}") = "Data", "Data", "{60469222-1592-45F3-B958-B2EEA2A65565}"
EndProject
Project("{2150E333-8FDC-42A3-9474-1A3956D46DE8}") = "Domain", "Domain", "{8C0EA9A1-93B9-486D-9AB3-F014FE7D4C7A}"
EndProject
Project("{2150E333-8FDC-42A3-9474-1A3956D46DE8}") = "Infrastructure", "Infrastructure", "{F80CE801-42A2-44B7-99F9-8B08D037D46F}"
EndProject
Project("{FAE04EC0-301F-11D3-BF4B-00C04F79EFBC}") = "WebSiteMjr.Domain", "WebSiteMjr.Domain\WebSiteMjr.Domain.csproj", "{1219ECD0-3C8E-435F-88E1-01DE06D01E74}"
EndProject
Project("{FAE04EC0-301F-11D3-BF4B-00C04F79EFBC}") = "FlexProviders", "FlexProviders\FlexProviders.csproj", "{9C987907-BD64-4100-89D4-F4BCFB77768B}"
EndProject
Project("{2150E333-8FDC-42A3-9474-1A3956D46DE8}") = "Membership", "Membership", "{1624ABD8-9286-4FC5-9F2F-E2A9EC8920C2}"
EndProject
Project("{FAE04EC0-301F-11D3-BF4B-00C04F79EFBC}") = "WebSiteMjr.Domain.Test", "WebSiteMjr.Domain.Test\WebSiteMjr.Domain.Test.csproj", "{52063992-045B-4FD3-A291-410D587C6BDB}"
EndProject
Project("{2150E333-8FDC-42A3-9474-1A3956D46DE8}") = "Test", "Test", "{5334EDA1-5910-4A62-A519-8BC77E771432}"
EndProject
Project("{2150E333-8FDC-42A3-9474-1A3956D46DE8}") = "ViewModels", "ViewModels", "{CCEA6D18-68A7-41EE-956A-11C16551F74A}"
EndProject
Project("{FAE04EC0-301F-11D3-BF4B-00C04F79EFBC}") = "WebSiteMjr.ViewModels", "WebSiteMjr.ViewModels\WebSiteMjr.ViewModels.csproj", "{E9694197-221B-4013-8B69-9D2943FD9513}"
EndProject
Project("{2150E333-8FDC-42A3-9474-1A3956D46DE8}") = "EfData", "EfData", "{735F625A-7EC1-487E-97EE-03A3EB173B10}"
EndProject
Project("{FAE04EC0-301F-11D3-BF4B-00C04F79EFBC}") = "WebSiteMjr.EfBaseData", "WebSiteMjr.EfBaseData\WebSiteMjr.EfBaseData.csproj", "{A7595876-2BE8-4AF2-A81F-12A0B7727D14}"
EndProject
Project("{FAE04EC0-301F-11D3-BF4B-00C04F79EFBC}") = "WebSiteMjr.EfStuffData", "WebSiteMjr.EfStuffData\WebSiteMjr.EfStuffData.csproj", "{0C8D47BC-32EC-4073-89B3-2D3888593401}"
EndProject
Project("{FAE04EC0-301F-11D3-BF4B-00C04F79EFBC}") = "WebSiteMjr.EfConfigurationMigrationData", "WebSiteMjr.EfConfigurationMigrationData\WebSiteMjr.EfConfigurationMigrationData.csproj", "{C5310985-AA81-4397-97D7-F6CDBCCA54B8}"
EndProject
Project("{2150E333-8FDC-42A3-9474-1A3956D46DE8}") = "Assembler", "Assembler", "{D844F4C2-671F-4490-B9F9-3BC2E2C2C35D}"
EndProject
Project("{FAE04EC0-301F-11D3-BF4B-00C04F79EFBC}") = "WebSiteMjr.Assembler", "WebSiteMjr.Assembler\WebSiteMjr.Assembler.csproj", "{F1165A12-1F75-4644-8336-A9BDBEBBAF6C}"
EndProject
Project("{2150E333-8FDC-42A3-9474-1A3956D46DE8}") = "Exceptions", "Exceptions", "{ED159ECA-192C-4F38-BD1C-CD60D0FC8F9A}"
EndProject
Project("{2150E333-8FDC-42A3-9474-1A3956D46DE8}") = "Extensions", "Extensions", "{D198A4C1-387D-4D26-B819-34D5B4D42B9E}"
EndProject
Project("{FAE04EC0-301F-11D3-BF4B-00C04F79EFBC}") = "Mjr.Extensions", "Mjr.Extensions\Mjr.Extensions.csproj", "{29947E45-7425-4CCE-90C1-2F2D7EF802E1}"
EndProject
Project("{2150E333-8FDC-42A3-9474-1A3956D46DE8}") = "Test", "Test", "{71E91F35-96AE-41BB-8E1D-B2A462F6C824}"
EndProject
Project("{FAE04EC0-301F-11D3-BF4B-00C04F79EFBC}") = "WebSiteMjr.EfStuffDataTest", "WebSiteMjr.EfStuffDataTest\WebSiteMjr.EfStuffDataTest.csproj", "{E4A43CDA-57D3-42F1-81B9-3813A7970A95}"
EndProject
Project("{FAE04EC0-301F-11D3-BF4B-00C04F79EFBC}") = "WebSiteMjr.AssemblerTest", "WebSiteMjr.AssemblerTest\WebSiteMjr.AssemblerTest.csproj", "{B4B888D2-0CEB-400B-AD0E-AEB4E703AFF0}"
EndProject
Project("{FAE04EC0-301F-11D3-BF4B-00C04F79EFBC}") = "WebSiteMjr.EfPersonDataTest", "WebSiteMjr.EfPersonDataTest\WebSiteMjr.EfPersonDataTest.csproj", "{51738777-54C2-4BDB-B3CF-F353000F0A10}"
EndProject
Project("{FAE04EC0-301F-11D3-BF4B-00C04F79EFBC}") = "FlexProvidersTests", "FlexProvidersTests\FlexProvidersTests.csproj", "{843FEE95-D9DD-437A-9C0C-96B9E87C8E6A}"
EndProject
Project("{FAE04EC0-301F-11D3-BF4B-00C04F79EFBC}") = "WebSiteMjr.EFConfigurationMigrationDataTest", "WebSiteMjr.EFConfigurationMigrationDataTest\WebSiteMjr.EFConfigurationMigrationDataTest.csproj", "{FA2ABB59-29B0-4A18-AEDE-A5D22BE34906}"
EndProject
Project("{2150E333-8FDC-42A3-9474-1A3956D46DE8}") = "Notifications", "Notifications", "{68EBE693-31E5-4639-A80A-760EE3A24668}"
EndProject
Project("{2150E333-8FDC-42A3-9474-1A3956D46DE8}") = "Email", "Email", "{73B2A36F-7872-488C-B5F6-E6730045C899}"
EndProject
Project("{FAE04EC0-301F-11D3-BF4B-00C04F79EFBC}") = "WebSiteMjr.Notifications.Email.MjrEmailNotification", "WebSiteMjr.Notifications.Email.MjrEmailNotification\WebSiteMjr.Notifications.Email.MjrEmailNotification.csproj", "{41569D90-235E-4C8B-820B-030935D4FBD7}"
EndProject
Project("{FAE04EC0-301F-11D3-BF4B-00C04F79EFBC}") = "WebSiteMjr.Notifications.Email.MjrEmailNotificationTest", "WebSiteMjr.Notifications.Email.MjrEmailNotificationTest\WebSiteMjr.Notifications.Email.MjrEmailNotificationTest.csproj", "{A8DE72ED-6A43-4D05-9997-DD21B63AFB5B}"
EndProject
Project("{2150E333-8FDC-42A3-9474-1A3956D46DE8}") = "Facade", "Facade", "{25954A6A-69DE-4006-9C51-D49CA35C79EB}"
EndProject
Project("{FAE04EC0-301F-11D3-BF4B-00C04F79EFBC}") = "WebSiteMjr.Facade", "WebSiteMjr.Facade\WebSiteMjr.Facade.csproj", "{FAD889B9-165A-4068-9F41-30D0D0AFEDA3}"
EndProject
Project("{FAE04EC0-301F-11D3-BF4B-00C04F79EFBC}") = "SharedKernel", "SharedKernel\SharedKernel.csproj", "{5B1C4599-E5C8-4B98-8205-585F53AB4B2D}"
EndProject
Project("{FAE04EC0-301F-11D3-BF4B-00C04F79EFBC}") = "WebSiteMjr.EfCustomerServiceData", "WebSiteMjr.EfCustomerServiceData\WebSiteMjr.EfCustomerServiceData.csproj", "{BC0CD28C-044A-467B-8440-7F262F5B81A3}"
EndProject
Project("{2150E333-8FDC-42A3-9474-1A3956D46DE8}") = "Test", "Test", "{98F7A21D-8275-48FF-ACA5-408958E4A528}"
EndProject
Project("{2150E333-8FDC-42A3-9474-1A3956D46DE8}") = "SignalR", "SignalR", "{955A9CC7-976F-43BA-8F6B-949D428C79E1}"
EndProject
Project("{FAE04EC0-301F-11D3-BF4B-00C04F79EFBC}") = "WebSiteMjr.Notifications.SignalR", "WebSiteMjr.Notifications.SignalR\WebSiteMjr.Notifications.SignalR.csproj", "{8B1B714D-A70F-466A-8348-AB7E09FD7C55}"
EndProject
Project("{2150E333-8FDC-42A3-9474-1A3956D46DE8}") = "AzureData", "AzureData", "{5BBC0A3A-95BB-46B0-A408-307E30F5AE3D}"
EndProject
Project("{FAE04EC0-301F-11D3-BF4B-00C04F79EFBC}") = "WebSiteMjr.SenaData", "WebSiteMjr.SenaData\WebSiteMjr.SenaData.csproj", "{7E6BC07A-045F-4155-A0F1-AE2D6C76B7E0}"
EndProject
Global
	GlobalSection(SolutionConfigurationPlatforms) = preSolution
		Debug|Any CPU = Debug|Any CPU
		Release|Any CPU = Release|Any CPU
	EndGlobalSection
	GlobalSection(ProjectConfigurationPlatforms) = postSolution
		{3A08A35F-BDEA-4142-81B7-3BDFDAC8AE23}.Debug|Any CPU.ActiveCfg = Debug|Any CPU
		{3A08A35F-BDEA-4142-81B7-3BDFDAC8AE23}.Debug|Any CPU.Build.0 = Debug|Any CPU
		{3A08A35F-BDEA-4142-81B7-3BDFDAC8AE23}.Release|Any CPU.ActiveCfg = Release|Any CPU
		{3A08A35F-BDEA-4142-81B7-3BDFDAC8AE23}.Release|Any CPU.Build.0 = Release|Any CPU
		{D6D27CDA-62F2-44C2-9D11-390F97458B26}.Debug|Any CPU.ActiveCfg = Debug|Any CPU
		{D6D27CDA-62F2-44C2-9D11-390F97458B26}.Debug|Any CPU.Build.0 = Debug|Any CPU
		{D6D27CDA-62F2-44C2-9D11-390F97458B26}.Release|Any CPU.ActiveCfg = Release|Any CPU
		{D6D27CDA-62F2-44C2-9D11-390F97458B26}.Release|Any CPU.Build.0 = Release|Any CPU
		{1D5058F1-5CA9-4978-AC8C-A508C430E7B0}.Debug|Any CPU.ActiveCfg = Debug|Any CPU
		{1D5058F1-5CA9-4978-AC8C-A508C430E7B0}.Debug|Any CPU.Build.0 = Debug|Any CPU
		{1D5058F1-5CA9-4978-AC8C-A508C430E7B0}.Release|Any CPU.ActiveCfg = Release|Any CPU
		{1D5058F1-5CA9-4978-AC8C-A508C430E7B0}.Release|Any CPU.Build.0 = Release|Any CPU
		{1219ECD0-3C8E-435F-88E1-01DE06D01E74}.Debug|Any CPU.ActiveCfg = Debug|Any CPU
		{1219ECD0-3C8E-435F-88E1-01DE06D01E74}.Debug|Any CPU.Build.0 = Debug|Any CPU
		{1219ECD0-3C8E-435F-88E1-01DE06D01E74}.Release|Any CPU.ActiveCfg = Release|Any CPU
		{1219ECD0-3C8E-435F-88E1-01DE06D01E74}.Release|Any CPU.Build.0 = Release|Any CPU
		{9C987907-BD64-4100-89D4-F4BCFB77768B}.Debug|Any CPU.ActiveCfg = Debug|Any CPU
		{9C987907-BD64-4100-89D4-F4BCFB77768B}.Debug|Any CPU.Build.0 = Debug|Any CPU
		{9C987907-BD64-4100-89D4-F4BCFB77768B}.Release|Any CPU.ActiveCfg = Release|Any CPU
		{9C987907-BD64-4100-89D4-F4BCFB77768B}.Release|Any CPU.Build.0 = Release|Any CPU
		{52063992-045B-4FD3-A291-410D587C6BDB}.Debug|Any CPU.ActiveCfg = Debug|Any CPU
		{52063992-045B-4FD3-A291-410D587C6BDB}.Debug|Any CPU.Build.0 = Debug|Any CPU
		{52063992-045B-4FD3-A291-410D587C6BDB}.Release|Any CPU.ActiveCfg = Release|Any CPU
		{52063992-045B-4FD3-A291-410D587C6BDB}.Release|Any CPU.Build.0 = Release|Any CPU
		{E9694197-221B-4013-8B69-9D2943FD9513}.Debug|Any CPU.ActiveCfg = Debug|Any CPU
		{E9694197-221B-4013-8B69-9D2943FD9513}.Debug|Any CPU.Build.0 = Debug|Any CPU
		{E9694197-221B-4013-8B69-9D2943FD9513}.Release|Any CPU.ActiveCfg = Release|Any CPU
		{E9694197-221B-4013-8B69-9D2943FD9513}.Release|Any CPU.Build.0 = Release|Any CPU
		{A7595876-2BE8-4AF2-A81F-12A0B7727D14}.Debug|Any CPU.ActiveCfg = Debug|Any CPU
		{A7595876-2BE8-4AF2-A81F-12A0B7727D14}.Debug|Any CPU.Build.0 = Debug|Any CPU
		{A7595876-2BE8-4AF2-A81F-12A0B7727D14}.Release|Any CPU.ActiveCfg = Release|Any CPU
		{A7595876-2BE8-4AF2-A81F-12A0B7727D14}.Release|Any CPU.Build.0 = Release|Any CPU
		{0C8D47BC-32EC-4073-89B3-2D3888593401}.Debug|Any CPU.ActiveCfg = Debug|Any CPU
		{0C8D47BC-32EC-4073-89B3-2D3888593401}.Debug|Any CPU.Build.0 = Debug|Any CPU
		{0C8D47BC-32EC-4073-89B3-2D3888593401}.Release|Any CPU.ActiveCfg = Release|Any CPU
		{0C8D47BC-32EC-4073-89B3-2D3888593401}.Release|Any CPU.Build.0 = Release|Any CPU
		{C5310985-AA81-4397-97D7-F6CDBCCA54B8}.Debug|Any CPU.ActiveCfg = Debug|Any CPU
		{C5310985-AA81-4397-97D7-F6CDBCCA54B8}.Debug|Any CPU.Build.0 = Debug|Any CPU
		{C5310985-AA81-4397-97D7-F6CDBCCA54B8}.Release|Any CPU.ActiveCfg = Release|Any CPU
		{C5310985-AA81-4397-97D7-F6CDBCCA54B8}.Release|Any CPU.Build.0 = Release|Any CPU
		{F1165A12-1F75-4644-8336-A9BDBEBBAF6C}.Debug|Any CPU.ActiveCfg = Debug|Any CPU
		{F1165A12-1F75-4644-8336-A9BDBEBBAF6C}.Debug|Any CPU.Build.0 = Debug|Any CPU
		{F1165A12-1F75-4644-8336-A9BDBEBBAF6C}.Release|Any CPU.ActiveCfg = Release|Any CPU
		{F1165A12-1F75-4644-8336-A9BDBEBBAF6C}.Release|Any CPU.Build.0 = Release|Any CPU
		{29947E45-7425-4CCE-90C1-2F2D7EF802E1}.Debug|Any CPU.ActiveCfg = Debug|Any CPU
		{29947E45-7425-4CCE-90C1-2F2D7EF802E1}.Debug|Any CPU.Build.0 = Debug|Any CPU
		{29947E45-7425-4CCE-90C1-2F2D7EF802E1}.Release|Any CPU.ActiveCfg = Release|Any CPU
		{29947E45-7425-4CCE-90C1-2F2D7EF802E1}.Release|Any CPU.Build.0 = Release|Any CPU
		{E4A43CDA-57D3-42F1-81B9-3813A7970A95}.Debug|Any CPU.ActiveCfg = Debug|Any CPU
		{E4A43CDA-57D3-42F1-81B9-3813A7970A95}.Debug|Any CPU.Build.0 = Debug|Any CPU
		{E4A43CDA-57D3-42F1-81B9-3813A7970A95}.Release|Any CPU.ActiveCfg = Release|Any CPU
		{E4A43CDA-57D3-42F1-81B9-3813A7970A95}.Release|Any CPU.Build.0 = Release|Any CPU
		{B4B888D2-0CEB-400B-AD0E-AEB4E703AFF0}.Debug|Any CPU.ActiveCfg = Debug|Any CPU
		{B4B888D2-0CEB-400B-AD0E-AEB4E703AFF0}.Debug|Any CPU.Build.0 = Debug|Any CPU
		{B4B888D2-0CEB-400B-AD0E-AEB4E703AFF0}.Release|Any CPU.ActiveCfg = Release|Any CPU
		{B4B888D2-0CEB-400B-AD0E-AEB4E703AFF0}.Release|Any CPU.Build.0 = Release|Any CPU
		{51738777-54C2-4BDB-B3CF-F353000F0A10}.Debug|Any CPU.ActiveCfg = Debug|Any CPU
		{51738777-54C2-4BDB-B3CF-F353000F0A10}.Debug|Any CPU.Build.0 = Debug|Any CPU
		{51738777-54C2-4BDB-B3CF-F353000F0A10}.Release|Any CPU.ActiveCfg = Release|Any CPU
		{51738777-54C2-4BDB-B3CF-F353000F0A10}.Release|Any CPU.Build.0 = Release|Any CPU
		{843FEE95-D9DD-437A-9C0C-96B9E87C8E6A}.Debug|Any CPU.ActiveCfg = Debug|Any CPU
		{843FEE95-D9DD-437A-9C0C-96B9E87C8E6A}.Debug|Any CPU.Build.0 = Debug|Any CPU
		{843FEE95-D9DD-437A-9C0C-96B9E87C8E6A}.Release|Any CPU.ActiveCfg = Release|Any CPU
		{843FEE95-D9DD-437A-9C0C-96B9E87C8E6A}.Release|Any CPU.Build.0 = Release|Any CPU
		{FA2ABB59-29B0-4A18-AEDE-A5D22BE34906}.Debug|Any CPU.ActiveCfg = Debug|Any CPU
		{FA2ABB59-29B0-4A18-AEDE-A5D22BE34906}.Debug|Any CPU.Build.0 = Debug|Any CPU
		{FA2ABB59-29B0-4A18-AEDE-A5D22BE34906}.Release|Any CPU.ActiveCfg = Release|Any CPU
		{FA2ABB59-29B0-4A18-AEDE-A5D22BE34906}.Release|Any CPU.Build.0 = Release|Any CPU
		{41569D90-235E-4C8B-820B-030935D4FBD7}.Debug|Any CPU.ActiveCfg = Debug|Any CPU
		{41569D90-235E-4C8B-820B-030935D4FBD7}.Debug|Any CPU.Build.0 = Debug|Any CPU
		{41569D90-235E-4C8B-820B-030935D4FBD7}.Release|Any CPU.ActiveCfg = Release|Any CPU
		{41569D90-235E-4C8B-820B-030935D4FBD7}.Release|Any CPU.Build.0 = Release|Any CPU
		{A8DE72ED-6A43-4D05-9997-DD21B63AFB5B}.Debug|Any CPU.ActiveCfg = Debug|Any CPU
		{A8DE72ED-6A43-4D05-9997-DD21B63AFB5B}.Debug|Any CPU.Build.0 = Debug|Any CPU
		{A8DE72ED-6A43-4D05-9997-DD21B63AFB5B}.Release|Any CPU.ActiveCfg = Release|Any CPU
		{A8DE72ED-6A43-4D05-9997-DD21B63AFB5B}.Release|Any CPU.Build.0 = Release|Any CPU
		{FAD889B9-165A-4068-9F41-30D0D0AFEDA3}.Debug|Any CPU.ActiveCfg = Debug|Any CPU
		{FAD889B9-165A-4068-9F41-30D0D0AFEDA3}.Debug|Any CPU.Build.0 = Debug|Any CPU
		{FAD889B9-165A-4068-9F41-30D0D0AFEDA3}.Release|Any CPU.ActiveCfg = Release|Any CPU
		{FAD889B9-165A-4068-9F41-30D0D0AFEDA3}.Release|Any CPU.Build.0 = Release|Any CPU
		{5B1C4599-E5C8-4B98-8205-585F53AB4B2D}.Debug|Any CPU.ActiveCfg = Debug|Any CPU
		{5B1C4599-E5C8-4B98-8205-585F53AB4B2D}.Debug|Any CPU.Build.0 = Debug|Any CPU
		{5B1C4599-E5C8-4B98-8205-585F53AB4B2D}.Release|Any CPU.ActiveCfg = Release|Any CPU
		{5B1C4599-E5C8-4B98-8205-585F53AB4B2D}.Release|Any CPU.Build.0 = Release|Any CPU
		{BC0CD28C-044A-467B-8440-7F262F5B81A3}.Debug|Any CPU.ActiveCfg = Debug|Any CPU
		{BC0CD28C-044A-467B-8440-7F262F5B81A3}.Debug|Any CPU.Build.0 = Debug|Any CPU
		{BC0CD28C-044A-467B-8440-7F262F5B81A3}.Release|Any CPU.ActiveCfg = Release|Any CPU
		{BC0CD28C-044A-467B-8440-7F262F5B81A3}.Release|Any CPU.Build.0 = Release|Any CPU
		{8B1B714D-A70F-466A-8348-AB7E09FD7C55}.Debug|Any CPU.ActiveCfg = Debug|Any CPU
		{8B1B714D-A70F-466A-8348-AB7E09FD7C55}.Debug|Any CPU.Build.0 = Debug|Any CPU
		{8B1B714D-A70F-466A-8348-AB7E09FD7C55}.Release|Any CPU.ActiveCfg = Release|Any CPU
		{8B1B714D-A70F-466A-8348-AB7E09FD7C55}.Release|Any CPU.Build.0 = Release|Any CPU
		{7E6BC07A-045F-4155-A0F1-AE2D6C76B7E0}.Debug|Any CPU.ActiveCfg = Debug|Any CPU
		{7E6BC07A-045F-4155-A0F1-AE2D6C76B7E0}.Debug|Any CPU.Build.0 = Debug|Any CPU
		{7E6BC07A-045F-4155-A0F1-AE2D6C76B7E0}.Release|Any CPU.ActiveCfg = Release|Any CPU
		{7E6BC07A-045F-4155-A0F1-AE2D6C76B7E0}.Release|Any CPU.Build.0 = Release|Any CPU
	EndGlobalSection
	GlobalSection(SolutionProperties) = preSolution
		HideSolutionNode = FALSE
	EndGlobalSection
	GlobalSection(NestedProjects) = preSolution
		{1D5058F1-5CA9-4978-AC8C-A508C430E7B0} = {735F625A-7EC1-487E-97EE-03A3EB173B10}
		{1219ECD0-3C8E-435F-88E1-01DE06D01E74} = {8C0EA9A1-93B9-486D-9AB3-F014FE7D4C7A}
		{9C987907-BD64-4100-89D4-F4BCFB77768B} = {1624ABD8-9286-4FC5-9F2F-E2A9EC8920C2}
		{1624ABD8-9286-4FC5-9F2F-E2A9EC8920C2} = {F80CE801-42A2-44B7-99F9-8B08D037D46F}
		{52063992-045B-4FD3-A291-410D587C6BDB} = {5334EDA1-5910-4A62-A519-8BC77E771432}
		{5334EDA1-5910-4A62-A519-8BC77E771432} = {8C0EA9A1-93B9-486D-9AB3-F014FE7D4C7A}
		{CCEA6D18-68A7-41EE-956A-11C16551F74A} = {F80CE801-42A2-44B7-99F9-8B08D037D46F}
		{E9694197-221B-4013-8B69-9D2943FD9513} = {CCEA6D18-68A7-41EE-956A-11C16551F74A}
		{735F625A-7EC1-487E-97EE-03A3EB173B10} = {60469222-1592-45F3-B958-B2EEA2A65565}
		{A7595876-2BE8-4AF2-A81F-12A0B7727D14} = {735F625A-7EC1-487E-97EE-03A3EB173B10}
		{0C8D47BC-32EC-4073-89B3-2D3888593401} = {735F625A-7EC1-487E-97EE-03A3EB173B10}
		{C5310985-AA81-4397-97D7-F6CDBCCA54B8} = {735F625A-7EC1-487E-97EE-03A3EB173B10}
		{D844F4C2-671F-4490-B9F9-3BC2E2C2C35D} = {F80CE801-42A2-44B7-99F9-8B08D037D46F}
		{F1165A12-1F75-4644-8336-A9BDBEBBAF6C} = {D844F4C2-671F-4490-B9F9-3BC2E2C2C35D}
		{ED159ECA-192C-4F38-BD1C-CD60D0FC8F9A} = {F80CE801-42A2-44B7-99F9-8B08D037D46F}
		{D198A4C1-387D-4D26-B819-34D5B4D42B9E} = {F80CE801-42A2-44B7-99F9-8B08D037D46F}
		{29947E45-7425-4CCE-90C1-2F2D7EF802E1} = {D198A4C1-387D-4D26-B819-34D5B4D42B9E}
		{71E91F35-96AE-41BB-8E1D-B2A462F6C824} = {60469222-1592-45F3-B958-B2EEA2A65565}
		{E4A43CDA-57D3-42F1-81B9-3813A7970A95} = {71E91F35-96AE-41BB-8E1D-B2A462F6C824}
		{B4B888D2-0CEB-400B-AD0E-AEB4E703AFF0} = {D844F4C2-671F-4490-B9F9-3BC2E2C2C35D}
		{51738777-54C2-4BDB-B3CF-F353000F0A10} = {71E91F35-96AE-41BB-8E1D-B2A462F6C824}
		{843FEE95-D9DD-437A-9C0C-96B9E87C8E6A} = {1624ABD8-9286-4FC5-9F2F-E2A9EC8920C2}
		{FA2ABB59-29B0-4A18-AEDE-A5D22BE34906} = {71E91F35-96AE-41BB-8E1D-B2A462F6C824}
		{68EBE693-31E5-4639-A80A-760EE3A24668} = {F80CE801-42A2-44B7-99F9-8B08D037D46F}
		{73B2A36F-7872-488C-B5F6-E6730045C899} = {68EBE693-31E5-4639-A80A-760EE3A24668}
		{41569D90-235E-4C8B-820B-030935D4FBD7} = {73B2A36F-7872-488C-B5F6-E6730045C899}
		{A8DE72ED-6A43-4D05-9997-DD21B63AFB5B} = {98F7A21D-8275-48FF-ACA5-408958E4A528}
		{FAD889B9-165A-4068-9F41-30D0D0AFEDA3} = {25954A6A-69DE-4006-9C51-D49CA35C79EB}
		{5B1C4599-E5C8-4B98-8205-585F53AB4B2D} = {8C0EA9A1-93B9-486D-9AB3-F014FE7D4C7A}
		{BC0CD28C-044A-467B-8440-7F262F5B81A3} = {735F625A-7EC1-487E-97EE-03A3EB173B10}
		{98F7A21D-8275-48FF-ACA5-408958E4A528} = {73B2A36F-7872-488C-B5F6-E6730045C899}
		{955A9CC7-976F-43BA-8F6B-949D428C79E1} = {68EBE693-31E5-4639-A80A-760EE3A24668}
		{8B1B714D-A70F-466A-8348-AB7E09FD7C55} = {955A9CC7-976F-43BA-8F6B-949D428C79E1}
		{5BBC0A3A-95BB-46B0-A408-307E30F5AE3D} = {60469222-1592-45F3-B958-B2EEA2A65565}
		{7E6BC07A-045F-4155-A0F1-AE2D6C76B7E0} = {5BBC0A3A-95BB-46B0-A408-307E30F5AE3D}
	EndGlobalSection
	GlobalSection(ExtensibilityGlobals) = postSolution
		EnterpriseLibraryConfigurationToolBinariesPath = packages\Unity.2.1.505.2\lib\NET35
	EndGlobalSection
EndGlobal
